
Microsoft Visual Studio Solution File, Format Version 12.00
# Visual Studio Version 17
VisualStudioVersion = 17.6.33815.320
MinimumVisualStudioVersion = 10.0.40219.1
Project("{FAE04EC0-301F-11D3-BF4B-00C04F79EFBC}") = "WpfSakk", "WpfSakk.csproj", "{B4D683D1-8EF0-4B3C-9E56-2F3884DC8377}"
EndProject
Global
	GlobalSection(SolutionConfigurationPlatforms) = preSolution
		Debug|Any CPU = Debug|Any CPU
		Release|Any CPU = Release|Any CPU
	EndGlobalSection
	GlobalSection(ProjectConfigurationPlatforms) = postSolution
		{B4D683D1-8EF0-4B3C-9E56-2F3884DC8377}.Debug|Any CPU.ActiveCfg = Debug|Any CPU
		{B4D683D1-8EF0-4B3C-9E56-2F3884DC8377}.Debug|Any CPU.Build.0 = Debug|Any CPU
		{B4D683D1-8EF0-4B3C-9E56-2F3884DC8377}.Release|Any CPU.ActiveCfg = Release|Any CPU
		{B4D683D1-8EF0-4B3C-9E56-2F3884DC8377}.Release|Any CPU.Build.0 = Release|Any CPU
	EndGlobalSection
	GlobalSection(SolutionProperties) = preSolution
		HideSolutionNode = FALSE
	EndGlobalSection
	GlobalSection(ExtensibilityGlobals) = postSolution
		SolutionGuid = {15987641-7FDD-4A78-8794-C6791D5C5648}
	EndGlobalSection
EndGlobal
